
Microsoft Visual Studio Solution File, Format Version 12.00
# Visual Studio Version 17
VisualStudioVersion = 17.0.31903.59
MinimumVisualStudioVersion = 10.0.40219.1
Project("{FAE04EC0-301F-11D3-BF4B-00C04F79EFBC}") = "AndreSteenveld.AoC2024.Day01", "Day01\AndreSteenveld.AoC2024.Day01.csproj", "{3951B09B-A29B-41ED-B935-D832819160CD}"
EndProject
Project("{FAE04EC0-301F-11D3-BF4B-00C04F79EFBC}") = "AndreSteenveld.AoC", "AndreSteenveld.AoC\AndreSteenveld.AoC.csproj", "{B56712EE-764D-4247-858D-BC928A11571A}"
EndProject
Global
	GlobalSection(SolutionConfigurationPlatforms) = preSolution
		Debug|Any CPU = Debug|Any CPU
		Release|Any CPU = Release|Any CPU
	EndGlobalSection
	GlobalSection(SolutionProperties) = preSolution
		HideSolutionNode = FALSE
	EndGlobalSection
	GlobalSection(ProjectConfigurationPlatforms) = postSolution
		{3951B09B-A29B-41ED-B935-D832819160CD}.Debug|Any CPU.ActiveCfg = Debug|Any CPU
		{3951B09B-A29B-41ED-B935-D832819160CD}.Debug|Any CPU.Build.0 = Debug|Any CPU
		{3951B09B-A29B-41ED-B935-D832819160CD}.Release|Any CPU.ActiveCfg = Release|Any CPU
		{3951B09B-A29B-41ED-B935-D832819160CD}.Release|Any CPU.Build.0 = Release|Any CPU
		{B56712EE-764D-4247-858D-BC928A11571A}.Debug|Any CPU.ActiveCfg = Debug|Any CPU
		{B56712EE-764D-4247-858D-BC928A11571A}.Debug|Any CPU.Build.0 = Debug|Any CPU
		{B56712EE-764D-4247-858D-BC928A11571A}.Release|Any CPU.ActiveCfg = Release|Any CPU
		{B56712EE-764D-4247-858D-BC928A11571A}.Release|Any CPU.Build.0 = Release|Any CPU
	EndGlobalSection
EndGlobal
