
Microsoft Visual Studio Solution File, Format Version 12.00
# Visual Studio Version 17
VisualStudioVersion = 17.0.31903.59
MinimumVisualStudioVersion = 10.0.40219.1
Project("{FAE04EC0-301F-11D3-BF4B-00C04F79EFBC}") = "AndreSteenveld.AoC2024.Day01", "Day01\AndreSteenveld.AoC2024.Day01.csproj", "{3951B09B-A29B-41ED-B935-D832819160CD}"
EndProject
Project("{FAE04EC0-301F-11D3-BF4B-00C04F79EFBC}") = "AndreSteenveld.AoC", "AndreSteenveld.AoC\AndreSteenveld.AoC.csproj", "{B56712EE-764D-4247-858D-BC928A11571A}"
EndProject
Project("{FAE04EC0-301F-11D3-BF4B-00C04F79EFBC}") = "AndreSteenveld.AoC2024.Day02", "AndreSteenveld.AoC2024.Day02\AndreSteenveld.AoC2024.Day02.csproj", "{02FB16EA-6111-4498-AEF7-2EF882719723}"
EndProject
Project("{FAE04EC0-301F-11D3-BF4B-00C04F79EFBC}") = "AndreSteenveld.AoC2024.Day03", "AndreSteenveld.AoC2024.Day03\AndreSteenveld.AoC2024.Day03.csproj", "{9E2B7944-73A6-4287-B500-9F8BAF6A076F}"
EndProject
Project("{FAE04EC0-301F-11D3-BF4B-00C04F79EFBC}") = "AndreSteenveld.AoC2024.Day04", "AndreSteenveld.AoC2024.Day04\AndreSteenveld.AoC2024.Day04.csproj", "{B47E06C2-8DD8-4F13-B4F6-F94E811693E3}"
EndProject
Project("{FAE04EC0-301F-11D3-BF4B-00C04F79EFBC}") = "AndreSteenveld.AoC2024.Day05", "AndreSteenveld.AoC2024.Day05\AndreSteenveld.AoC2024.Day05.csproj", "{1E22A5F9-B463-49B7-8715-C4E8D993B13E}"
EndProject
Project("{FAE04EC0-301F-11D3-BF4B-00C04F79EFBC}") = "AndreSteenveld.AoC2024.Day06", "AndreSteenveld.AoC2024.Day06\AndreSteenveld.AoC2024.Day06.csproj", "{BA091766-834B-4BCC-87A5-01B3B2140D69}"
EndProject
Project("{FAE04EC0-301F-11D3-BF4B-00C04F79EFBC}") = "AndreSteenveld.AoC2024.Day07", "AndreSteenveld.AoC2024.Day07\AndreSteenveld.AoC2024.Day07.csproj", "{E75FD8B1-F959-4745-920D-C4E6F1D4FC03}"
EndProject
Global
	GlobalSection(SolutionConfigurationPlatforms) = preSolution
		Debug|Any CPU = Debug|Any CPU
		Release|Any CPU = Release|Any CPU
	EndGlobalSection
	GlobalSection(SolutionProperties) = preSolution
		HideSolutionNode = FALSE
	EndGlobalSection
	GlobalSection(ProjectConfigurationPlatforms) = postSolution
		{3951B09B-A29B-41ED-B935-D832819160CD}.Debug|Any CPU.ActiveCfg = Debug|Any CPU
		{3951B09B-A29B-41ED-B935-D832819160CD}.Debug|Any CPU.Build.0 = Debug|Any CPU
		{3951B09B-A29B-41ED-B935-D832819160CD}.Release|Any CPU.ActiveCfg = Release|Any CPU
		{3951B09B-A29B-41ED-B935-D832819160CD}.Release|Any CPU.Build.0 = Release|Any CPU
		{B56712EE-764D-4247-858D-BC928A11571A}.Debug|Any CPU.ActiveCfg = Debug|Any CPU
		{B56712EE-764D-4247-858D-BC928A11571A}.Debug|Any CPU.Build.0 = Debug|Any CPU
		{B56712EE-764D-4247-858D-BC928A11571A}.Release|Any CPU.ActiveCfg = Release|Any CPU
		{B56712EE-764D-4247-858D-BC928A11571A}.Release|Any CPU.Build.0 = Release|Any CPU
		{02FB16EA-6111-4498-AEF7-2EF882719723}.Debug|Any CPU.ActiveCfg = Debug|Any CPU
		{02FB16EA-6111-4498-AEF7-2EF882719723}.Debug|Any CPU.Build.0 = Debug|Any CPU
		{02FB16EA-6111-4498-AEF7-2EF882719723}.Release|Any CPU.ActiveCfg = Release|Any CPU
		{02FB16EA-6111-4498-AEF7-2EF882719723}.Release|Any CPU.Build.0 = Release|Any CPU
		{9E2B7944-73A6-4287-B500-9F8BAF6A076F}.Debug|Any CPU.ActiveCfg = Debug|Any CPU
		{9E2B7944-73A6-4287-B500-9F8BAF6A076F}.Debug|Any CPU.Build.0 = Debug|Any CPU
		{9E2B7944-73A6-4287-B500-9F8BAF6A076F}.Release|Any CPU.ActiveCfg = Release|Any CPU
		{9E2B7944-73A6-4287-B500-9F8BAF6A076F}.Release|Any CPU.Build.0 = Release|Any CPU
		{B47E06C2-8DD8-4F13-B4F6-F94E811693E3}.Debug|Any CPU.ActiveCfg = Debug|Any CPU
		{B47E06C2-8DD8-4F13-B4F6-F94E811693E3}.Debug|Any CPU.Build.0 = Debug|Any CPU
		{B47E06C2-8DD8-4F13-B4F6-F94E811693E3}.Release|Any CPU.ActiveCfg = Release|Any CPU
		{B47E06C2-8DD8-4F13-B4F6-F94E811693E3}.Release|Any CPU.Build.0 = Release|Any CPU
		{1E22A5F9-B463-49B7-8715-C4E8D993B13E}.Debug|Any CPU.ActiveCfg = Debug|Any CPU
		{1E22A5F9-B463-49B7-8715-C4E8D993B13E}.Debug|Any CPU.Build.0 = Debug|Any CPU
		{1E22A5F9-B463-49B7-8715-C4E8D993B13E}.Release|Any CPU.ActiveCfg = Release|Any CPU
		{1E22A5F9-B463-49B7-8715-C4E8D993B13E}.Release|Any CPU.Build.0 = Release|Any CPU
		{BA091766-834B-4BCC-87A5-01B3B2140D69}.Debug|Any CPU.ActiveCfg = Debug|Any CPU
		{BA091766-834B-4BCC-87A5-01B3B2140D69}.Debug|Any CPU.Build.0 = Debug|Any CPU
		{BA091766-834B-4BCC-87A5-01B3B2140D69}.Release|Any CPU.ActiveCfg = Release|Any CPU
		{BA091766-834B-4BCC-87A5-01B3B2140D69}.Release|Any CPU.Build.0 = Release|Any CPU
		{E75FD8B1-F959-4745-920D-C4E6F1D4FC03}.Debug|Any CPU.ActiveCfg = Debug|Any CPU
		{E75FD8B1-F959-4745-920D-C4E6F1D4FC03}.Debug|Any CPU.Build.0 = Debug|Any CPU
		{E75FD8B1-F959-4745-920D-C4E6F1D4FC03}.Release|Any CPU.ActiveCfg = Release|Any CPU
		{E75FD8B1-F959-4745-920D-C4E6F1D4FC03}.Release|Any CPU.Build.0 = Release|Any CPU
	EndGlobalSection
EndGlobal
